
Microsoft Visual Studio Solution File, Format Version 12.00
# Visual Studio 2012
Project("{FAE04EC0-301F-11D3-BF4B-00C04F79EFBC}") = "TwoFactorNet", "TwoFactorNet\TwoFactorNet.csproj", "{CB474091-9E4F-44A0-93A7-FAE065709735}"
EndProject
Project("{FAE04EC0-301F-11D3-BF4B-00C04F79EFBC}") = "TwoFactorNet.Tests", "TwoFactorNet.Tests\TwoFactorNet.Tests.csproj", "{3EEC443C-92B4-4FEE-9956-89642ED3A5BA}"
EndProject
Project("{2150E333-8FDC-42A3-9474-1A3956D46DE8}") = "Documentation", "Documentation", "{CA4A734E-5A39-4B9D-871C-57C27AD0EEDC}"
	ProjectSection(SolutionItems) = preProject
		CONTRIBUTORS.md = CONTRIBUTORS.md
		LICENSE.md = LICENSE.md
		README.md = README.md
		RELEASENOTES.md = RELEASENOTES.md
	EndProjectSection
EndProject
Project("{FAE04EC0-301F-11D3-BF4B-00C04F79EFBC}") = "TwoFactorNet.ExampleApp", "TwoFactorNet.ExampleApp\TwoFactorNet.ExampleApp.csproj", "{F333A2A6-5ECA-4C05-95EB-583BC3766181}"
EndProject
Project("{2150E333-8FDC-42A3-9474-1A3956D46DE8}") = "Solution Items", "Solution Items", "{9B30AFF3-7F24-4C8B-BAB2-9D7161D75BA1}"
EndProject
Project("{FAE04EC0-301F-11D3-BF4B-00C04F79EFBC}") = "TwoFactorNet.ExampleWeb", "TwoFactorNet.ExampleWeb\TwoFactorNet.ExampleWeb.csproj", "{E035FC71-B846-43BF-973C-D02B342ECA1C}"
EndProject
Project("{FAE04EC0-301F-11D3-BF4B-00C04F79EFBC}") = "TwoFactorNet.ExampleWeb.Tests", "TwoFactorNet.ExampleWeb.Tests\TwoFactorNet.ExampleWeb.Tests.csproj", "{D6C7AD18-A1C2-4B39-99AA-399666B2C538}"
EndProject
Global
	GlobalSection(SolutionConfigurationPlatforms) = preSolution
		Debug|Any CPU = Debug|Any CPU
		Release|Any CPU = Release|Any CPU
	EndGlobalSection
	GlobalSection(ProjectConfigurationPlatforms) = postSolution
		{CB474091-9E4F-44A0-93A7-FAE065709735}.Debug|Any CPU.ActiveCfg = Debug|Any CPU
		{CB474091-9E4F-44A0-93A7-FAE065709735}.Debug|Any CPU.Build.0 = Debug|Any CPU
		{CB474091-9E4F-44A0-93A7-FAE065709735}.Release|Any CPU.ActiveCfg = Release|Any CPU
		{CB474091-9E4F-44A0-93A7-FAE065709735}.Release|Any CPU.Build.0 = Release|Any CPU
		{3EEC443C-92B4-4FEE-9956-89642ED3A5BA}.Debug|Any CPU.ActiveCfg = Debug|Any CPU
		{3EEC443C-92B4-4FEE-9956-89642ED3A5BA}.Debug|Any CPU.Build.0 = Debug|Any CPU
		{3EEC443C-92B4-4FEE-9956-89642ED3A5BA}.Release|Any CPU.ActiveCfg = Release|Any CPU
		{3EEC443C-92B4-4FEE-9956-89642ED3A5BA}.Release|Any CPU.Build.0 = Release|Any CPU
		{F333A2A6-5ECA-4C05-95EB-583BC3766181}.Debug|Any CPU.ActiveCfg = Debug|Any CPU
		{F333A2A6-5ECA-4C05-95EB-583BC3766181}.Debug|Any CPU.Build.0 = Debug|Any CPU
		{F333A2A6-5ECA-4C05-95EB-583BC3766181}.Release|Any CPU.ActiveCfg = Release|Any CPU
		{F333A2A6-5ECA-4C05-95EB-583BC3766181}.Release|Any CPU.Build.0 = Release|Any CPU
		{E035FC71-B846-43BF-973C-D02B342ECA1C}.Debug|Any CPU.ActiveCfg = Debug|Any CPU
		{E035FC71-B846-43BF-973C-D02B342ECA1C}.Debug|Any CPU.Build.0 = Debug|Any CPU
		{E035FC71-B846-43BF-973C-D02B342ECA1C}.Release|Any CPU.ActiveCfg = Release|Any CPU
		{E035FC71-B846-43BF-973C-D02B342ECA1C}.Release|Any CPU.Build.0 = Release|Any CPU
		{D6C7AD18-A1C2-4B39-99AA-399666B2C538}.Debug|Any CPU.ActiveCfg = Debug|Any CPU
		{D6C7AD18-A1C2-4B39-99AA-399666B2C538}.Debug|Any CPU.Build.0 = Debug|Any CPU
		{D6C7AD18-A1C2-4B39-99AA-399666B2C538}.Release|Any CPU.ActiveCfg = Release|Any CPU
		{D6C7AD18-A1C2-4B39-99AA-399666B2C538}.Release|Any CPU.Build.0 = Release|Any CPU
	EndGlobalSection
	GlobalSection(SolutionProperties) = preSolution
		HideSolutionNode = FALSE
	EndGlobalSection
EndGlobal
